PODS:
  - YJCocoa/AppFrameworks/Foundation/Other (6.0.0)
  - YJCocoa/AppFrameworks/Foundation/Singleton (6.0.0):
    - YJCocoa/AppFrameworks/Foundation/Other
  - YJCocoa/AppFrameworks/Foundation/Swizzling (6.0.0):
    - YJCocoa/AppFrameworks/Foundation/Singleton
    - YJCocoa/System/Dispatch
  - YJCocoa/System/Dispatch (6.0.0)

DEPENDENCIES:
  - YJCocoa/AppFrameworks/Foundation/Singleton
  - YJCocoa/AppFrameworks/Foundation/Swizzling
  - YJCocoa/System/Dispatch

SPEC CHECKSUMS:
  YJCocoa: 1e6d6a2dafc82faa3c6423243f271cae04fe836e

PODFILE CHECKSUM: a9120d761d70726536909191d36887fe8fa01e15

COCOAPODS: 1.1.1
