PODS:
  - YJCocoa/System/Dispatch (5.1.0)
  - YJCocoa/System/Security/Random (5.1.0)

DEPENDENCIES:
  - YJCocoa/System/Dispatch
  - YJCocoa/System/Security/Random

SPEC CHECKSUMS:
  YJCocoa: 70128e9054863a79896655a0b49747ed49597c87

PODFILE CHECKSUM: 6bfc68ed3865f74f363b66389e7997c9b54471cd

COCOAPODS: 1.1.1
