PODS:
  - YJCocoa/AppFrameworks/Foundation/Http (7.0.0):
    - YJCocoa/AppFrameworks/Foundation/URLCode
  - YJCocoa/AppFrameworks/Foundation/Other (7.0.0)
  - YJCocoa/AppFrameworks/Foundation/Singleton (7.0.0):
    - YJCocoa/AppFrameworks/Foundation/Singleton/Core (= 7.0.0)
  - YJCocoa/AppFrameworks/Foundation/Singleton/Core (7.0.0):
    - YJCocoa/AppFrameworks/Foundation/Other
    - YJCocoa/System/Dispatch
  - YJCocoa/AppFrameworks/Foundation/URLCode (7.0.0)
  - YJCocoa/System/Dispatch (7.0.0)

DEPENDENCIES:
  - YJCocoa/AppFrameworks/Foundation/Http
  - YJCocoa/AppFrameworks/Foundation/Singleton

SPEC CHECKSUMS:
  YJCocoa: 118848e58ce945c4cb26d01925447588736b3d11

PODFILE CHECKSUM: 15b4156ec7e5f3dbe7fecc0dcfc97df140464556

COCOAPODS: 1.3.1
