PODS:
  - YJCocoa/AppFrameworks/Foundation/Other (6.3.0)
  - YJCocoa/AppFrameworks/Foundation/Singleton (6.3.0):
    - YJCocoa/AppFrameworks/Foundation/Singleton/Core (= 6.3.0)
  - YJCocoa/AppFrameworks/Foundation/Singleton/Core (6.3.0):
    - YJCocoa/AppFrameworks/Foundation/Other
    - YJCocoa/System/Dispatch
  - YJCocoa/AppFrameworks/Foundation/Swizzling (6.3.0):
    - YJCocoa/AppFrameworks/Foundation/Singleton
    - YJCocoa/System/Dispatch
  - YJCocoa/System/Dispatch (6.3.0)

DEPENDENCIES:
  - YJCocoa/AppFrameworks/Foundation/Singleton
  - YJCocoa/AppFrameworks/Foundation/Swizzling
  - YJCocoa/System/Dispatch

SPEC CHECKSUMS:
  YJCocoa: dc9fa9c1b3bff8f32a36aeb928b6bb369c380b95

PODFILE CHECKSUM: 71ce95a384c7ad8eb9f122f47b4beec0e613d3d5

COCOAPODS: 1.1.1
