PODS:
  - YJCocoa/AppFrameworks/Foundation/Directory (4.2.1):
    - YJCocoa/AppFrameworks/Foundation/Singleton
  - YJCocoa/AppFrameworks/Foundation/Other (4.2.1)
  - YJCocoa/AppFrameworks/Foundation/Singleton (4.2.1):
    - YJCocoa/AppFrameworks/Foundation/Other

DEPENDENCIES:
  - YJCocoa/AppFrameworks/Foundation/Directory
  - YJCocoa/AppFrameworks/Foundation/Other
  - YJCocoa/AppFrameworks/Foundation/Singleton

SPEC CHECKSUMS:
  YJCocoa: be076c30cb7f1217fe60a1c141de59ec53b58201

COCOAPODS: 0.39.0
