PODS:
  - YJCocoa/AppFrameworks/Foundation/Calendar (6.2.0)
  - YJCocoa/AppFrameworks/Foundation/Directory (6.2.0):
    - YJCocoa/AppFrameworks/Foundation/Singleton
  - YJCocoa/AppFrameworks/Foundation/FileManager (6.2.0)
  - YJCocoa/AppFrameworks/Foundation/Other (6.2.0)
  - YJCocoa/AppFrameworks/Foundation/PerformSelector (6.2.0)
  - YJCocoa/AppFrameworks/Foundation/Singleton (6.2.0):
    - YJCocoa/AppFrameworks/Foundation/Singleton/Core (= 6.2.0)
  - YJCocoa/AppFrameworks/Foundation/Singleton/Core (6.2.0):
    - YJCocoa/AppFrameworks/Foundation/Other
    - YJCocoa/System/Dispatch
  - YJCocoa/AppFrameworks/Foundation/Timer (6.2.0):
    - YJCocoa/AppFrameworks/Foundation/Calendar
    - YJCocoa/AppFrameworks/Foundation/PerformSelector
    - YJCocoa/AppFrameworks/Foundation/Singleton
    - YJCocoa/System/Security/Random
  - YJCocoa/System/Dispatch (6.2.0)
  - YJCocoa/System/Security/Random (6.2.0)

DEPENDENCIES:
  - YJCocoa/AppFrameworks/Foundation/Directory
  - YJCocoa/AppFrameworks/Foundation/FileManager
  - YJCocoa/AppFrameworks/Foundation/Timer
  - YJCocoa/System/Dispatch

SPEC CHECKSUMS:
  YJCocoa: 30cce39bb154e45a32c5a505e5e8a1b887c32e7c

PODFILE CHECKSUM: 9d9f9a8b78040959ad5bff028b97fc3a7e20d3b1

COCOAPODS: 1.1.1
